
Microsoft Visual Studio Solution File, Format Version 12.00
# Visual Studio Version 16
VisualStudioVersion = 16.0.31613.86
MinimumVisualStudioVersion = 10.0.40219.1
Project("{FAE04EC0-301F-11D3-BF4B-00C04F79EFBC}") = "Voltage Divider Calculator", "Voltage Divider Calculator.csproj", "{05B306F8-DA85-47FD-A042-E566AD95D645}"
EndProject
Project("{54435603-DBB4-11D2-8724-00A0C9A8B90C}") = "VoltageDividerCalc_VPS", "..\VoltageDividerCalc_VPS\VoltageDividerCalc_VPS.vdproj", "{F112A53A-60A2-49C6-9E63-89E21DD0E042}"
EndProject
Global
	GlobalSection(SolutionConfigurationPlatforms) = preSolution
		Debug|Any CPU = Debug|Any CPU
		Release|Any CPU = Release|Any CPU
	EndGlobalSection
	GlobalSection(ProjectConfigurationPlatforms) = postSolution
		{05B306F8-DA85-47FD-A042-E566AD95D645}.Debug|Any CPU.ActiveCfg = Debug|Any CPU
		{05B306F8-DA85-47FD-A042-E566AD95D645}.Debug|Any CPU.Build.0 = Debug|Any CPU
		{05B306F8-DA85-47FD-A042-E566AD95D645}.Release|Any CPU.ActiveCfg = Release|Any CPU
		{05B306F8-DA85-47FD-A042-E566AD95D645}.Release|Any CPU.Build.0 = Release|Any CPU
		{F112A53A-60A2-49C6-9E63-89E21DD0E042}.Debug|Any CPU.ActiveCfg = Debug
		{F112A53A-60A2-49C6-9E63-89E21DD0E042}.Debug|Any CPU.Build.0 = Debug
		{F112A53A-60A2-49C6-9E63-89E21DD0E042}.Release|Any CPU.ActiveCfg = Release
		{F112A53A-60A2-49C6-9E63-89E21DD0E042}.Release|Any CPU.Build.0 = Release
	EndGlobalSection
	GlobalSection(SolutionProperties) = preSolution
		HideSolutionNode = FALSE
	EndGlobalSection
	GlobalSection(ExtensibilityGlobals) = postSolution
		SolutionGuid = {3991D4B5-DB30-4A99-AF07-73CD988412E6}
	EndGlobalSection
EndGlobal
